
Microsoft Visual Studio Solution File, Format Version 12.00
# Visual Studio 14
VisualStudioVersion = 14.0.25420.1
MinimumVisualStudioVersion = 10.0.40219.1
Project("{8BC9CEB8-8B4A-11D0-8D11-00A0C91BC942}") = "IRReceiverTestSimple", "IRReceiverTestSimple\IRReceiverTestSimple.vcxproj", "{C5F80730-F44F-4478-BDAE-6634EFC2CA88}"
EndProject
Project("{2150E333-8FDC-42A3-9474-1A3956D46DE8}") = "Datasheets", "Datasheets", "{295EB9CD-ADF3-4F05-AEA9-19E7D4B9440E}"
	ProjectSection(SolutionItems) = preProject
		..\Datasheets\README.md = ..\Datasheets\README.md
	EndProjectSection
EndProject
Project("{2150E333-8FDC-42A3-9474-1A3956D46DE8}") = "Infrared receiver", "Infrared receiver", "{0ADBEBE2-48C7-46BA-96DA-3E037082C0CC}"
	ProjectSection(SolutionItems) = preProject
		..\Datasheets\VS1838 TL1838 VS1838B Universal Infrared Receiving Head\TL1838.pdf = ..\Datasheets\VS1838 TL1838 VS1838B Universal Infrared Receiving Head\TL1838.pdf
		..\Datasheets\VS1838 TL1838 VS1838B Universal Infrared Receiving Head\VS1838.pdf = ..\Datasheets\VS1838 TL1838 VS1838B Universal Infrared Receiving Head\VS1838.pdf
		..\Datasheets\VS1838 TL1838 VS1838B Universal Infrared Receiving Head\VS1838B.pdf = ..\Datasheets\VS1838 TL1838 VS1838B Universal Infrared Receiving Head\VS1838B.pdf
	EndProjectSection
EndProject
Project("{8BC9CEB8-8B4A-11D0-8D11-00A0C91BC942}") = "Test_IR_Receiver_Double", "Test_IR_Receiver_Double\Test_IR_Receiver_Double.vcxproj", "{F582B648-6782-4C76-A3D5-B9A7F980A9EB}"
EndProject
Project("{8BC9CEB8-8B4A-11D0-8D11-00A0C91BC942}") = "Test_sound_by_one_wire", "Test_sound_by_one_wire\Test_sound_by_one_wire.vcxproj", "{BF87BA2A-DC7B-429C-9564-C0CB350C528D}"
EndProject
Project("{8BC9CEB8-8B4A-11D0-8D11-00A0C91BC942}") = "Test_OLED_display", "Test_OLED_display\Test_OLED_display.vcxproj", "{2D0BACEF-047C-4009-9819-B9289625B32F}"
EndProject
Project("{8BC9CEB8-8B4A-11D0-8D11-00A0C91BC942}") = "Test_Motor", "Test_Motor\Test_Motor.vcxproj", "{5773B7B5-0786-4DB0-A37A-54978309F527}"
EndProject
Project("{8BC9CEB8-8B4A-11D0-8D11-00A0C91BC942}") = "Test_IR_Transmitter", "Test_IR_Transmitter\Test_IR_Transmitter.vcxproj", "{E82F48DE-49C2-46D0-896B-87BA0C3A185F}"
EndProject
Project("{8BC9CEB8-8B4A-11D0-8D11-00A0C91BC942}") = "Test_BT_slave", "Test_BT_slave\Test_BT_slave.vcxproj", "{ECE48F04-0DAD-4096-B361-41C7572F2F33}"
EndProject
Global
	GlobalSection(SolutionConfigurationPlatforms) = preSolution
		Debug|x64 = Debug|x64
		Debug|x86 = Debug|x86
		Release|x64 = Release|x64
		Release|x86 = Release|x86
	EndGlobalSection
	GlobalSection(ProjectConfigurationPlatforms) = postSolution
		{C5F80730-F44F-4478-BDAE-6634EFC2CA88}.Debug|x64.ActiveCfg = Debug|Win32
		{C5F80730-F44F-4478-BDAE-6634EFC2CA88}.Debug|x86.ActiveCfg = Debug|Win32
		{C5F80730-F44F-4478-BDAE-6634EFC2CA88}.Debug|x86.Build.0 = Debug|Win32
		{C5F80730-F44F-4478-BDAE-6634EFC2CA88}.Release|x64.ActiveCfg = Release|Win32
		{C5F80730-F44F-4478-BDAE-6634EFC2CA88}.Release|x86.ActiveCfg = Release|Win32
		{C5F80730-F44F-4478-BDAE-6634EFC2CA88}.Release|x86.Build.0 = Release|Win32
		{F582B648-6782-4C76-A3D5-B9A7F980A9EB}.Debug|x64.ActiveCfg = Debug|Win32
		{F582B648-6782-4C76-A3D5-B9A7F980A9EB}.Debug|x86.ActiveCfg = Debug|Win32
		{F582B648-6782-4C76-A3D5-B9A7F980A9EB}.Debug|x86.Build.0 = Debug|Win32
		{F582B648-6782-4C76-A3D5-B9A7F980A9EB}.Release|x64.ActiveCfg = Release|Win32
		{F582B648-6782-4C76-A3D5-B9A7F980A9EB}.Release|x86.ActiveCfg = Release|Win32
		{F582B648-6782-4C76-A3D5-B9A7F980A9EB}.Release|x86.Build.0 = Release|Win32
		{BF87BA2A-DC7B-429C-9564-C0CB350C528D}.Debug|x64.ActiveCfg = Debug|Win32
		{BF87BA2A-DC7B-429C-9564-C0CB350C528D}.Debug|x86.ActiveCfg = Debug|Win32
		{BF87BA2A-DC7B-429C-9564-C0CB350C528D}.Debug|x86.Build.0 = Debug|Win32
		{BF87BA2A-DC7B-429C-9564-C0CB350C528D}.Release|x64.ActiveCfg = Release|Win32
		{BF87BA2A-DC7B-429C-9564-C0CB350C528D}.Release|x86.ActiveCfg = Release|Win32
		{BF87BA2A-DC7B-429C-9564-C0CB350C528D}.Release|x86.Build.0 = Release|Win32
		{2D0BACEF-047C-4009-9819-B9289625B32F}.Debug|x64.ActiveCfg = Debug|Win32
		{2D0BACEF-047C-4009-9819-B9289625B32F}.Debug|x86.ActiveCfg = Debug|Win32
		{2D0BACEF-047C-4009-9819-B9289625B32F}.Debug|x86.Build.0 = Debug|Win32
		{2D0BACEF-047C-4009-9819-B9289625B32F}.Release|x64.ActiveCfg = Release|Win32
		{2D0BACEF-047C-4009-9819-B9289625B32F}.Release|x86.ActiveCfg = Release|Win32
		{2D0BACEF-047C-4009-9819-B9289625B32F}.Release|x86.Build.0 = Release|Win32
		{5773B7B5-0786-4DB0-A37A-54978309F527}.Debug|x64.ActiveCfg = Debug|Win32
		{5773B7B5-0786-4DB0-A37A-54978309F527}.Debug|x86.ActiveCfg = Debug|Win32
		{5773B7B5-0786-4DB0-A37A-54978309F527}.Debug|x86.Build.0 = Debug|Win32
		{5773B7B5-0786-4DB0-A37A-54978309F527}.Release|x64.ActiveCfg = Release|Win32
		{5773B7B5-0786-4DB0-A37A-54978309F527}.Release|x86.ActiveCfg = Release|Win32
		{5773B7B5-0786-4DB0-A37A-54978309F527}.Release|x86.Build.0 = Release|Win32
		{E82F48DE-49C2-46D0-896B-87BA0C3A185F}.Debug|x64.ActiveCfg = Debug|Win32
		{E82F48DE-49C2-46D0-896B-87BA0C3A185F}.Debug|x86.ActiveCfg = Debug|Win32
		{E82F48DE-49C2-46D0-896B-87BA0C3A185F}.Debug|x86.Build.0 = Debug|Win32
		{E82F48DE-49C2-46D0-896B-87BA0C3A185F}.Release|x64.ActiveCfg = Release|Win32
		{E82F48DE-49C2-46D0-896B-87BA0C3A185F}.Release|x86.ActiveCfg = Release|Win32
		{E82F48DE-49C2-46D0-896B-87BA0C3A185F}.Release|x86.Build.0 = Release|Win32
		{ECE48F04-0DAD-4096-B361-41C7572F2F33}.Debug|x64.ActiveCfg = Debug|Win32
		{ECE48F04-0DAD-4096-B361-41C7572F2F33}.Debug|x86.ActiveCfg = Debug|Win32
		{ECE48F04-0DAD-4096-B361-41C7572F2F33}.Debug|x86.Build.0 = Debug|Win32
		{ECE48F04-0DAD-4096-B361-41C7572F2F33}.Release|x64.ActiveCfg = Release|Win32
		{ECE48F04-0DAD-4096-B361-41C7572F2F33}.Release|x86.ActiveCfg = Release|Win32
		{ECE48F04-0DAD-4096-B361-41C7572F2F33}.Release|x86.Build.0 = Release|Win32
	EndGlobalSection
	GlobalSection(SolutionProperties) = preSolution
		HideSolutionNode = FALSE
	EndGlobalSection
	GlobalSection(NestedProjects) = preSolution
		{0ADBEBE2-48C7-46BA-96DA-3E037082C0CC} = {295EB9CD-ADF3-4F05-AEA9-19E7D4B9440E}
	EndGlobalSection
EndGlobal
