
Microsoft Visual Studio Solution File, Format Version 12.00
# Visual Studio 14
VisualStudioVersion = 14.0.25420.1
MinimumVisualStudioVersion = 10.0.40219.1
Project("{8BC9CEB8-8B4A-11D0-8D11-00A0C91BC942}") = "IRReceiverTestSimple", "IRReceiverTestSimple\IRReceiverTestSimple.vcxproj", "{C5F80730-F44F-4478-BDAE-6634EFC2CA88}"
EndProject
Project("{2150E333-8FDC-42A3-9474-1A3956D46DE8}") = "Datasheets", "Datasheets", "{295EB9CD-ADF3-4F05-AEA9-19E7D4B9440E}"
	ProjectSection(SolutionItems) = preProject
		..\Datasheets\README.md = ..\Datasheets\README.md
	EndProjectSection
EndProject
Project("{2150E333-8FDC-42A3-9474-1A3956D46DE8}") = "Infrared receiver", "Infrared receiver", "{0ADBEBE2-48C7-46BA-96DA-3E037082C0CC}"
	ProjectSection(SolutionItems) = preProject
		..\Datasheets\VS1838 TL1838 VS1838B Universal Infrared Receiving Head\TL1838.pdf = ..\Datasheets\VS1838 TL1838 VS1838B Universal Infrared Receiving Head\TL1838.pdf
		..\Datasheets\VS1838 TL1838 VS1838B Universal Infrared Receiving Head\VS1838.pdf = ..\Datasheets\VS1838 TL1838 VS1838B Universal Infrared Receiving Head\VS1838.pdf
		..\Datasheets\VS1838 TL1838 VS1838B Universal Infrared Receiving Head\VS1838B.pdf = ..\Datasheets\VS1838 TL1838 VS1838B Universal Infrared Receiving Head\VS1838B.pdf
	EndProjectSection
EndProject
Global
	GlobalSection(SolutionConfigurationPlatforms) = preSolution
		Debug|x86 = Debug|x86
		Release|x86 = Release|x86
	EndGlobalSection
	GlobalSection(ProjectConfigurationPlatforms) = postSolution
		{C5F80730-F44F-4478-BDAE-6634EFC2CA88}.Debug|x86.ActiveCfg = Debug|Win32
		{C5F80730-F44F-4478-BDAE-6634EFC2CA88}.Debug|x86.Build.0 = Debug|Win32
		{C5F80730-F44F-4478-BDAE-6634EFC2CA88}.Release|x86.ActiveCfg = Release|Win32
		{C5F80730-F44F-4478-BDAE-6634EFC2CA88}.Release|x86.Build.0 = Release|Win32
	EndGlobalSection
	GlobalSection(SolutionProperties) = preSolution
		HideSolutionNode = FALSE
	EndGlobalSection
	GlobalSection(NestedProjects) = preSolution
		{0ADBEBE2-48C7-46BA-96DA-3E037082C0CC} = {295EB9CD-ADF3-4F05-AEA9-19E7D4B9440E}
	EndGlobalSection
EndGlobal
