
Microsoft Visual Studio Solution File, Format Version 12.00
# Visual Studio 14
VisualStudioVersion = 14.0.25420.1
MinimumVisualStudioVersion = 10.0.40219.1
Project("{2150E333-8FDC-42A3-9474-1A3956D46DE8}") = "Datasheets", "Datasheets", "{295EB9CD-ADF3-4F05-AEA9-19E7D4B9440E}"
	ProjectSection(SolutionItems) = preProject
		..\Datasheets\README.md = ..\Datasheets\README.md
	EndProjectSection
EndProject
Project("{2150E333-8FDC-42A3-9474-1A3956D46DE8}") = "Infrared receiver", "Infrared receiver", "{0ADBEBE2-48C7-46BA-96DA-3E037082C0CC}"
	ProjectSection(SolutionItems) = preProject
		..\Datasheets\IR Receiver\TL1838.pdf = ..\Datasheets\IR Receiver\TL1838.pdf
		..\Datasheets\IR Receiver\Vishay TSOP48.pdf = ..\Datasheets\IR Receiver\Vishay TSOP48.pdf
		..\Datasheets\IR Receiver\VS1838.pdf = ..\Datasheets\IR Receiver\VS1838.pdf
		..\Datasheets\IR Receiver\VS1838B.pdf = ..\Datasheets\IR Receiver\VS1838B.pdf
	EndProjectSection
EndProject
Project("{8BC9CEB8-8B4A-11D0-8D11-00A0C91BC942}") = "Test_WT588D_one_wire", "Test_sound_by_one_wire\Test_sound_by_one_wire.vcxproj", "{BF87BA2A-DC7B-429C-9564-C0CB350C528D}"
EndProject
Project("{8BC9CEB8-8B4A-11D0-8D11-00A0C91BC942}") = "Test_OLED_display", "Test_OLED_display\Test_OLED_display.vcxproj", "{2D0BACEF-047C-4009-9819-B9289625B32F}"
EndProject
Project("{8BC9CEB8-8B4A-11D0-8D11-00A0C91BC942}") = "Test_BT_slave", "Test_BT_slave\Test_BT_slave.vcxproj", "{ECE48F04-0DAD-4096-B361-41C7572F2F33}"
EndProject
Project("{8BC9CEB8-8B4A-11D0-8D11-00A0C91BC942}") = "Test_BT_master", "Test_BT_master\Test_BT_master.vcxproj", "{C67B0825-1376-4566-93AC-FF736E66C8A6}"
EndProject
Project("{8BC9CEB8-8B4A-11D0-8D11-00A0C91BC942}") = "Test_complex_weapon", "Test_complex_weapon\Test_complex_weapon.vcxproj", "{E71B0B55-0CF9-4C16-9F34-257FAE9C26BB}"
EndProject
Project("{8BC9CEB8-8B4A-11D0-8D11-00A0C91BC942}") = "Test_complex_headbelt", "Test_complex_headbelt\Test_complex_headbelt.vcxproj", "{1FDEF6BA-535F-48B0-BFDF-40606B374C3C}"
EndProject
Project("{8BC9CEB8-8B4A-11D0-8D11-00A0C91BC942}") = "Test_sounds", "Test_sounds\Test_sounds.vcxproj", "{1AE62DAF-4ED8-493A-9DF9-D3231068D11E}"
EndProject
Project("{8BC9CEB8-8B4A-11D0-8D11-00A0C91BC942}") = "Test_battery_level", "Test_battery_level\Test_battery_level.vcxproj", "{40D57740-F9FF-4ECB-9580-39530C02AB59}"
EndProject
Project("{8BC9CEB8-8B4A-11D0-8D11-00A0C91BC942}") = "Test_complex_gateway", "Test_complex_gateway\Test_complex_gateway.vcxproj", "{65C1F245-A3F0-455C-8367-B23D8840DFE8}"
EndProject
Project("{2150E333-8FDC-42A3-9474-1A3956D46DE8}") = "Sounds", "Sounds", "{041E78CF-28D8-4464-9683-311DD81727BA}"
	ProjectSection(SolutionItems) = preProject
		..\Sounds\00-abakan_shoot_single.wav = ..\Sounds\00-abakan_shoot_single.wav
		..\Sounds\01-abakan_shoot_4long.wav = ..\Sounds\01-abakan_shoot_4long.wav
		..\Sounds\02-ak_empty.ogg = ..\Sounds\02-ak_empty.ogg
		..\Sounds\03-UMP45_reload.wav = ..\Sounds\03-UMP45_reload.wav
		..\Sounds\04-nearmiss.wav = ..\Sounds\04-nearmiss.wav
		..\Sounds\05-damage.wav = ..\Sounds\05-damage.wav
		..\Sounds\06-dead.wav = ..\Sounds\06-dead.wav
		..\Sounds\07-powerup.wav = ..\Sounds\07-powerup.wav
		..\Sounds\08-gameover.wav = ..\Sounds\08-gameover.wav
		..\Sounds\09-addhealth.wav = ..\Sounds\09-addhealth.wav
		..\Sounds\10-addammo.wav = ..\Sounds\10-addammo.wav
		..\Sounds\11-beep.wav = ..\Sounds\11-beep.wav
		..\Sounds\12-buzz.wav = ..\Sounds\12-buzz.wav
		..\Sounds\13-flag.wav = ..\Sounds\13-flag.wav
		..\Sounds\14-cloneok.wav = ..\Sounds\14-cloneok.wav
		..\Sounds\15-sensorfail.wav = ..\Sounds\15-sensorfail.wav
	EndProjectSection
EndProject
Project("{2150E333-8FDC-42A3-9474-1A3956D46DE8}") = "LT.winproj", "LT.winproj", "{B6385FC7-9638-46B3-B816-FDC51B12E72C}"
	ProjectSection(SolutionItems) = preProject
		..\Sounds\LT.winproj\LT.winproj = ..\Sounds\LT.winproj\LT.winproj
		..\Sounds\LT.winproj\LT.winproj.bin = ..\Sounds\LT.winproj\LT.winproj.bin
	EndProjectSection
EndProject
Project("{2150E333-8FDC-42A3-9474-1A3956D46DE8}") = "LT.winproj.sound", "LT.winproj.sound", "{67C5001A-9C6C-47F1-BA75-10F9E2436975}"
	ProjectSection(SolutionItems) = preProject
		..\Sounds\LT.winproj\LT.winproj.sound\00-abakan_shoot_single.wav = ..\Sounds\LT.winproj\LT.winproj.sound\00-abakan_shoot_single.wav
		..\Sounds\LT.winproj\LT.winproj.sound\01-abakan_shoot_4long.wav = ..\Sounds\LT.winproj\LT.winproj.sound\01-abakan_shoot_4long.wav
		..\Sounds\LT.winproj\LT.winproj.sound\02-ak_empty.wav = ..\Sounds\LT.winproj\LT.winproj.sound\02-ak_empty.wav
		..\Sounds\LT.winproj\LT.winproj.sound\03-UMP45_reload.wav = ..\Sounds\LT.winproj\LT.winproj.sound\03-UMP45_reload.wav
		..\Sounds\LT.winproj\LT.winproj.sound\04-nearmiss.wav = ..\Sounds\LT.winproj\LT.winproj.sound\04-nearmiss.wav
		..\Sounds\LT.winproj\LT.winproj.sound\05-damage.wav = ..\Sounds\LT.winproj\LT.winproj.sound\05-damage.wav
		..\Sounds\LT.winproj\LT.winproj.sound\06-dead.wav = ..\Sounds\LT.winproj\LT.winproj.sound\06-dead.wav
		..\Sounds\LT.winproj\LT.winproj.sound\07-powerup.wav = ..\Sounds\LT.winproj\LT.winproj.sound\07-powerup.wav
		..\Sounds\LT.winproj\LT.winproj.sound\08-gameover.wav = ..\Sounds\LT.winproj\LT.winproj.sound\08-gameover.wav
		..\Sounds\LT.winproj\LT.winproj.sound\09-addhealth.wav = ..\Sounds\LT.winproj\LT.winproj.sound\09-addhealth.wav
		..\Sounds\LT.winproj\LT.winproj.sound\10-addammo.wav = ..\Sounds\LT.winproj\LT.winproj.sound\10-addammo.wav
		..\Sounds\LT.winproj\LT.winproj.sound\11-beep.wav = ..\Sounds\LT.winproj\LT.winproj.sound\11-beep.wav
		..\Sounds\LT.winproj\LT.winproj.sound\12-buzz.wav = ..\Sounds\LT.winproj\LT.winproj.sound\12-buzz.wav
		..\Sounds\LT.winproj\LT.winproj.sound\13-flag.wav = ..\Sounds\LT.winproj\LT.winproj.sound\13-flag.wav
		..\Sounds\LT.winproj\LT.winproj.sound\14-cloneok.wav = ..\Sounds\LT.winproj\LT.winproj.sound\14-cloneok.wav
		..\Sounds\LT.winproj\LT.winproj.sound\15-sensorfail.wav = ..\Sounds\LT.winproj\LT.winproj.sound\15-sensorfail.wav
	EndProjectSection
EndProject
Project("{2150E333-8FDC-42A3-9474-1A3956D46DE8}") = "Bluetooth", "Bluetooth", "{B41AA6A9-48F3-436A-9B4F-604BF8EAA608}"
	ProjectSection(SolutionItems) = preProject
		..\Datasheets\Bluetooth\HC-05 AT command set.pdf = ..\Datasheets\Bluetooth\HC-05 AT command set.pdf
	EndProjectSection
EndProject
Project("{8BC9CEB8-8B4A-11D0-8D11-00A0C91BC942}") = "Test_IR_receiver_simple", "Test_IR_receiver_simple\Test_IR_receiver_simple.vcxproj", "{C5F80730-F44F-4478-BDAE-6634EFC2CA88}"
EndProject
Project("{8BC9CEB8-8B4A-11D0-8D11-00A0C91BC942}") = "Test_IR_transmitter", "Test_IR_transmitter\Test_IR_transmitter.vcxproj", "{E82F48DE-49C2-46D0-896B-87BA0C3A185F}"
EndProject
Project("{8BC9CEB8-8B4A-11D0-8D11-00A0C91BC942}") = "Test_IR_receiver_double", "Test_IR_receiver_double\Test_IR_receiver_double.vcxproj", "{F582B648-6782-4C76-A3D5-B9A7F980A9EB}"
EndProject
Project("{8BC9CEB8-8B4A-11D0-8D11-00A0C91BC942}") = "Test_RFM69_gateway", "Test_RFM69_gateway\Test_RFM69_gateway.vcxproj", "{8522176D-494E-4E8E-989A-42B7EE1DF2F9}"
EndProject
Project("{8BC9CEB8-8B4A-11D0-8D11-00A0C91BC942}") = "Test_RFM69_node", "Test_RFM69_node\Test_RFM69_node.vcxproj", "{8D31FB9F-D90A-48DB-A054-9FE202A1895E}"
EndProject
Project("{2150E333-8FDC-42A3-9474-1A3956D46DE8}") = "Tests", "Tests", "{C844FF4E-6808-4E28-8F23-8718AFCBEB86}"
EndProject
Project("{8BC9CEB8-8B4A-11D0-8D11-00A0C91BC942}") = "Test_vibromotor", "Test_vibromotor\Test_vibromotor.vcxproj", "{5773B7B5-0786-4DB0-A37A-54978309F527}"
EndProject
Project("{8BC9CEB8-8B4A-11D0-8D11-00A0C91BC942}") = "Test_complex_target", "Test_complex_target\Test_complex_target.vcxproj", "{49EBC007-36D9-49C4-A5EA-7CEF629CBC1F}"
EndProject
Global
	GlobalSection(SolutionConfigurationPlatforms) = preSolution
		Debug|x64 = Debug|x64
		Debug|x86 = Debug|x86
		Release|x64 = Release|x64
		Release|x86 = Release|x86
	EndGlobalSection
	GlobalSection(ProjectConfigurationPlatforms) = postSolution
		{BF87BA2A-DC7B-429C-9564-C0CB350C528D}.Debug|x64.ActiveCfg = Debug|Win32
		{BF87BA2A-DC7B-429C-9564-C0CB350C528D}.Debug|x86.ActiveCfg = Debug|Win32
		{BF87BA2A-DC7B-429C-9564-C0CB350C528D}.Debug|x86.Build.0 = Debug|Win32
		{BF87BA2A-DC7B-429C-9564-C0CB350C528D}.Release|x64.ActiveCfg = Release|Win32
		{BF87BA2A-DC7B-429C-9564-C0CB350C528D}.Release|x86.ActiveCfg = Release|Win32
		{BF87BA2A-DC7B-429C-9564-C0CB350C528D}.Release|x86.Build.0 = Release|Win32
		{2D0BACEF-047C-4009-9819-B9289625B32F}.Debug|x64.ActiveCfg = Debug|Win32
		{2D0BACEF-047C-4009-9819-B9289625B32F}.Debug|x86.ActiveCfg = Debug|Win32
		{2D0BACEF-047C-4009-9819-B9289625B32F}.Debug|x86.Build.0 = Debug|Win32
		{2D0BACEF-047C-4009-9819-B9289625B32F}.Release|x64.ActiveCfg = Release|Win32
		{2D0BACEF-047C-4009-9819-B9289625B32F}.Release|x86.ActiveCfg = Release|Win32
		{2D0BACEF-047C-4009-9819-B9289625B32F}.Release|x86.Build.0 = Release|Win32
		{ECE48F04-0DAD-4096-B361-41C7572F2F33}.Debug|x64.ActiveCfg = Debug|Win32
		{ECE48F04-0DAD-4096-B361-41C7572F2F33}.Debug|x86.ActiveCfg = Debug|Win32
		{ECE48F04-0DAD-4096-B361-41C7572F2F33}.Debug|x86.Build.0 = Debug|Win32
		{ECE48F04-0DAD-4096-B361-41C7572F2F33}.Release|x64.ActiveCfg = Release|Win32
		{ECE48F04-0DAD-4096-B361-41C7572F2F33}.Release|x86.ActiveCfg = Release|Win32
		{ECE48F04-0DAD-4096-B361-41C7572F2F33}.Release|x86.Build.0 = Release|Win32
		{C67B0825-1376-4566-93AC-FF736E66C8A6}.Debug|x64.ActiveCfg = Debug|Win32
		{C67B0825-1376-4566-93AC-FF736E66C8A6}.Debug|x86.ActiveCfg = Debug|Win32
		{C67B0825-1376-4566-93AC-FF736E66C8A6}.Debug|x86.Build.0 = Debug|Win32
		{C67B0825-1376-4566-93AC-FF736E66C8A6}.Release|x64.ActiveCfg = Release|Win32
		{C67B0825-1376-4566-93AC-FF736E66C8A6}.Release|x86.ActiveCfg = Release|Win32
		{C67B0825-1376-4566-93AC-FF736E66C8A6}.Release|x86.Build.0 = Release|Win32
		{E71B0B55-0CF9-4C16-9F34-257FAE9C26BB}.Debug|x64.ActiveCfg = Debug|Win32
		{E71B0B55-0CF9-4C16-9F34-257FAE9C26BB}.Debug|x86.ActiveCfg = Debug|Win32
		{E71B0B55-0CF9-4C16-9F34-257FAE9C26BB}.Debug|x86.Build.0 = Debug|Win32
		{E71B0B55-0CF9-4C16-9F34-257FAE9C26BB}.Release|x64.ActiveCfg = Release|Win32
		{E71B0B55-0CF9-4C16-9F34-257FAE9C26BB}.Release|x86.ActiveCfg = Release|Win32
		{E71B0B55-0CF9-4C16-9F34-257FAE9C26BB}.Release|x86.Build.0 = Release|Win32
		{1FDEF6BA-535F-48B0-BFDF-40606B374C3C}.Debug|x64.ActiveCfg = Debug|Win32
		{1FDEF6BA-535F-48B0-BFDF-40606B374C3C}.Debug|x86.ActiveCfg = Debug|Win32
		{1FDEF6BA-535F-48B0-BFDF-40606B374C3C}.Debug|x86.Build.0 = Debug|Win32
		{1FDEF6BA-535F-48B0-BFDF-40606B374C3C}.Release|x64.ActiveCfg = Release|Win32
		{1FDEF6BA-535F-48B0-BFDF-40606B374C3C}.Release|x86.ActiveCfg = Release|Win32
		{1FDEF6BA-535F-48B0-BFDF-40606B374C3C}.Release|x86.Build.0 = Release|Win32
		{1AE62DAF-4ED8-493A-9DF9-D3231068D11E}.Debug|x64.ActiveCfg = Debug|Win32
		{1AE62DAF-4ED8-493A-9DF9-D3231068D11E}.Debug|x86.ActiveCfg = Debug|Win32
		{1AE62DAF-4ED8-493A-9DF9-D3231068D11E}.Debug|x86.Build.0 = Debug|Win32
		{1AE62DAF-4ED8-493A-9DF9-D3231068D11E}.Release|x64.ActiveCfg = Release|Win32
		{1AE62DAF-4ED8-493A-9DF9-D3231068D11E}.Release|x86.ActiveCfg = Release|Win32
		{1AE62DAF-4ED8-493A-9DF9-D3231068D11E}.Release|x86.Build.0 = Release|Win32
		{40D57740-F9FF-4ECB-9580-39530C02AB59}.Debug|x64.ActiveCfg = Debug|Win32
		{40D57740-F9FF-4ECB-9580-39530C02AB59}.Debug|x86.ActiveCfg = Debug|Win32
		{40D57740-F9FF-4ECB-9580-39530C02AB59}.Debug|x86.Build.0 = Debug|Win32
		{40D57740-F9FF-4ECB-9580-39530C02AB59}.Release|x64.ActiveCfg = Release|Win32
		{40D57740-F9FF-4ECB-9580-39530C02AB59}.Release|x86.ActiveCfg = Release|Win32
		{40D57740-F9FF-4ECB-9580-39530C02AB59}.Release|x86.Build.0 = Release|Win32
		{65C1F245-A3F0-455C-8367-B23D8840DFE8}.Debug|x64.ActiveCfg = Debug|Win32
		{65C1F245-A3F0-455C-8367-B23D8840DFE8}.Debug|x86.ActiveCfg = Debug|Win32
		{65C1F245-A3F0-455C-8367-B23D8840DFE8}.Debug|x86.Build.0 = Debug|Win32
		{65C1F245-A3F0-455C-8367-B23D8840DFE8}.Release|x64.ActiveCfg = Release|Win32
		{65C1F245-A3F0-455C-8367-B23D8840DFE8}.Release|x86.ActiveCfg = Release|Win32
		{65C1F245-A3F0-455C-8367-B23D8840DFE8}.Release|x86.Build.0 = Release|Win32
		{C5F80730-F44F-4478-BDAE-6634EFC2CA88}.Debug|x64.ActiveCfg = Debug|Win32
		{C5F80730-F44F-4478-BDAE-6634EFC2CA88}.Debug|x86.ActiveCfg = Debug|Win32
		{C5F80730-F44F-4478-BDAE-6634EFC2CA88}.Debug|x86.Build.0 = Debug|Win32
		{C5F80730-F44F-4478-BDAE-6634EFC2CA88}.Release|x64.ActiveCfg = Release|Win32
		{C5F80730-F44F-4478-BDAE-6634EFC2CA88}.Release|x86.ActiveCfg = Release|Win32
		{C5F80730-F44F-4478-BDAE-6634EFC2CA88}.Release|x86.Build.0 = Release|Win32
		{E82F48DE-49C2-46D0-896B-87BA0C3A185F}.Debug|x64.ActiveCfg = Debug|Win32
		{E82F48DE-49C2-46D0-896B-87BA0C3A185F}.Debug|x86.ActiveCfg = Debug|Win32
		{E82F48DE-49C2-46D0-896B-87BA0C3A185F}.Debug|x86.Build.0 = Debug|Win32
		{E82F48DE-49C2-46D0-896B-87BA0C3A185F}.Release|x64.ActiveCfg = Release|Win32
		{E82F48DE-49C2-46D0-896B-87BA0C3A185F}.Release|x86.ActiveCfg = Release|Win32
		{E82F48DE-49C2-46D0-896B-87BA0C3A185F}.Release|x86.Build.0 = Release|Win32
		{F582B648-6782-4C76-A3D5-B9A7F980A9EB}.Debug|x64.ActiveCfg = Debug|Win32
		{F582B648-6782-4C76-A3D5-B9A7F980A9EB}.Debug|x86.ActiveCfg = Debug|Win32
		{F582B648-6782-4C76-A3D5-B9A7F980A9EB}.Debug|x86.Build.0 = Debug|Win32
		{F582B648-6782-4C76-A3D5-B9A7F980A9EB}.Release|x64.ActiveCfg = Release|Win32
		{F582B648-6782-4C76-A3D5-B9A7F980A9EB}.Release|x86.ActiveCfg = Release|Win32
		{F582B648-6782-4C76-A3D5-B9A7F980A9EB}.Release|x86.Build.0 = Release|Win32
		{8522176D-494E-4E8E-989A-42B7EE1DF2F9}.Debug|x64.ActiveCfg = Debug|Win32
		{8522176D-494E-4E8E-989A-42B7EE1DF2F9}.Debug|x86.ActiveCfg = Debug|Win32
		{8522176D-494E-4E8E-989A-42B7EE1DF2F9}.Debug|x86.Build.0 = Debug|Win32
		{8522176D-494E-4E8E-989A-42B7EE1DF2F9}.Release|x64.ActiveCfg = Release|Win32
		{8522176D-494E-4E8E-989A-42B7EE1DF2F9}.Release|x86.ActiveCfg = Release|Win32
		{8522176D-494E-4E8E-989A-42B7EE1DF2F9}.Release|x86.Build.0 = Release|Win32
		{8D31FB9F-D90A-48DB-A054-9FE202A1895E}.Debug|x64.ActiveCfg = Debug|Win32
		{8D31FB9F-D90A-48DB-A054-9FE202A1895E}.Debug|x86.ActiveCfg = Debug|Win32
		{8D31FB9F-D90A-48DB-A054-9FE202A1895E}.Debug|x86.Build.0 = Debug|Win32
		{8D31FB9F-D90A-48DB-A054-9FE202A1895E}.Release|x64.ActiveCfg = Release|Win32
		{8D31FB9F-D90A-48DB-A054-9FE202A1895E}.Release|x86.ActiveCfg = Release|Win32
		{8D31FB9F-D90A-48DB-A054-9FE202A1895E}.Release|x86.Build.0 = Release|Win32
		{5773B7B5-0786-4DB0-A37A-54978309F527}.Debug|x64.ActiveCfg = Debug|Win32
		{5773B7B5-0786-4DB0-A37A-54978309F527}.Debug|x86.ActiveCfg = Debug|Win32
		{5773B7B5-0786-4DB0-A37A-54978309F527}.Debug|x86.Build.0 = Debug|Win32
		{5773B7B5-0786-4DB0-A37A-54978309F527}.Release|x64.ActiveCfg = Release|Win32
		{5773B7B5-0786-4DB0-A37A-54978309F527}.Release|x86.ActiveCfg = Release|Win32
		{5773B7B5-0786-4DB0-A37A-54978309F527}.Release|x86.Build.0 = Release|Win32
		{49EBC007-36D9-49C4-A5EA-7CEF629CBC1F}.Debug|x64.ActiveCfg = Debug|Win32
		{49EBC007-36D9-49C4-A5EA-7CEF629CBC1F}.Debug|x86.ActiveCfg = Debug|Win32
		{49EBC007-36D9-49C4-A5EA-7CEF629CBC1F}.Debug|x86.Build.0 = Debug|Win32
		{49EBC007-36D9-49C4-A5EA-7CEF629CBC1F}.Release|x64.ActiveCfg = Release|Win32
		{49EBC007-36D9-49C4-A5EA-7CEF629CBC1F}.Release|x86.ActiveCfg = Release|Win32
		{49EBC007-36D9-49C4-A5EA-7CEF629CBC1F}.Release|x86.Build.0 = Release|Win32
	EndGlobalSection
	GlobalSection(SolutionProperties) = preSolution
		HideSolutionNode = FALSE
	EndGlobalSection
	GlobalSection(NestedProjects) = preSolution
		{0ADBEBE2-48C7-46BA-96DA-3E037082C0CC} = {295EB9CD-ADF3-4F05-AEA9-19E7D4B9440E}
		{BF87BA2A-DC7B-429C-9564-C0CB350C528D} = {C844FF4E-6808-4E28-8F23-8718AFCBEB86}
		{2D0BACEF-047C-4009-9819-B9289625B32F} = {C844FF4E-6808-4E28-8F23-8718AFCBEB86}
		{ECE48F04-0DAD-4096-B361-41C7572F2F33} = {C844FF4E-6808-4E28-8F23-8718AFCBEB86}
		{C67B0825-1376-4566-93AC-FF736E66C8A6} = {C844FF4E-6808-4E28-8F23-8718AFCBEB86}
		{E71B0B55-0CF9-4C16-9F34-257FAE9C26BB} = {C844FF4E-6808-4E28-8F23-8718AFCBEB86}
		{1FDEF6BA-535F-48B0-BFDF-40606B374C3C} = {C844FF4E-6808-4E28-8F23-8718AFCBEB86}
		{1AE62DAF-4ED8-493A-9DF9-D3231068D11E} = {C844FF4E-6808-4E28-8F23-8718AFCBEB86}
		{40D57740-F9FF-4ECB-9580-39530C02AB59} = {C844FF4E-6808-4E28-8F23-8718AFCBEB86}
		{65C1F245-A3F0-455C-8367-B23D8840DFE8} = {C844FF4E-6808-4E28-8F23-8718AFCBEB86}
		{B6385FC7-9638-46B3-B816-FDC51B12E72C} = {041E78CF-28D8-4464-9683-311DD81727BA}
		{67C5001A-9C6C-47F1-BA75-10F9E2436975} = {B6385FC7-9638-46B3-B816-FDC51B12E72C}
		{B41AA6A9-48F3-436A-9B4F-604BF8EAA608} = {295EB9CD-ADF3-4F05-AEA9-19E7D4B9440E}
		{C5F80730-F44F-4478-BDAE-6634EFC2CA88} = {C844FF4E-6808-4E28-8F23-8718AFCBEB86}
		{E82F48DE-49C2-46D0-896B-87BA0C3A185F} = {C844FF4E-6808-4E28-8F23-8718AFCBEB86}
		{F582B648-6782-4C76-A3D5-B9A7F980A9EB} = {C844FF4E-6808-4E28-8F23-8718AFCBEB86}
		{8522176D-494E-4E8E-989A-42B7EE1DF2F9} = {C844FF4E-6808-4E28-8F23-8718AFCBEB86}
		{8D31FB9F-D90A-48DB-A054-9FE202A1895E} = {C844FF4E-6808-4E28-8F23-8718AFCBEB86}
		{5773B7B5-0786-4DB0-A37A-54978309F527} = {C844FF4E-6808-4E28-8F23-8718AFCBEB86}
	EndGlobalSection
EndGlobal
